
Microsoft Visual Studio Solution File, Format Version 12.00
# Visual Studio Version 17
VisualStudioVersion = 17.0.31903.59
MinimumVisualStudioVersion = 10.0.40219.1
Project("{2150E333-8FDC-42A3-9474-1A3956D46DE8}") = "src", "src", "{827E0CD3-B72D-47B6-A68D-7590B98EB39B}"
EndProject
Project("{FAE04EC0-301F-11D3-BF4B-00C04F79EFBC}") = "AchievementTracker.Core", "src\AchievementTracker.Core\AchievementTracker.Core.csproj", "{6BAAF5C2-BC53-4FFD-95CB-40FC055E519C}"
EndProject
Project("{FAE04EC0-301F-11D3-BF4B-00C04F79EFBC}") = "AchievementTracker.Providers", "src\AchievementTracker.Providers\AchievementTracker.Providers.csproj", "{8B2DD7B9-0F49-4D3C-BC21-F92420DD33E9}"
EndProject
Project("{FAE04EC0-301F-11D3-BF4B-00C04F79EFBC}") = "AchievementTracker.Store", "src\AchievementTracker.Store\AchievementTracker.Store.csproj", "{BBD033CC-2D5E-422C-86C2-AEBA584553F1}"
EndProject
Project("{FAE04EC0-301F-11D3-BF4B-00C04F79EFBC}") = "AchievementTracker.Sync", "src\AchievementTracker.Sync\AchievementTracker.Sync.csproj", "{BAE34DB0-D5D8-491E-A99B-282D2EA9C79F}"
EndProject
Project("{2150E333-8FDC-42A3-9474-1A3956D46DE8}") = "tests", "tests", "{0AB3BF05-4346-4AA6-1389-037BE0695223}"
EndProject
Project("{FAE04EC0-301F-11D3-BF4B-00C04F79EFBC}") = "AchievementTracker.Tests", "tests\AchievementTracker.Tests\AchievementTracker.Tests.csproj", "{3FB78EDA-D100-481D-A262-58EE8EAC0D6E}"
EndProject
Project("{FAE04EC0-301F-11D3-BF4B-00C04F79EFBC}") = "AchievementTracker.App", "src\AchievementTracker.App\AchievementTracker.App.csproj", "{C1A9460E-6F49-490E-B923-649014AC1D85}"
EndProject
Global
	GlobalSection(SolutionConfigurationPlatforms) = preSolution
		Debug|Any CPU = Debug|Any CPU
		Debug|x64 = Debug|x64
		Debug|x86 = Debug|x86
		Release|Any CPU = Release|Any CPU
		Release|x64 = Release|x64
		Release|x86 = Release|x86
	EndGlobalSection
	GlobalSection(ProjectConfigurationPlatforms) = postSolution
		{6BAAF5C2-BC53-4FFD-95CB-40FC055E519C}.Debug|Any CPU.ActiveCfg = Debug|Any CPU
		{6BAAF5C2-BC53-4FFD-95CB-40FC055E519C}.Debug|Any CPU.Build.0 = Debug|Any CPU
		{6BAAF5C2-BC53-4FFD-95CB-40FC055E519C}.Debug|x64.ActiveCfg = Debug|Any CPU
		{6BAAF5C2-BC53-4FFD-95CB-40FC055E519C}.Debug|x64.Build.0 = Debug|Any CPU
		{6BAAF5C2-BC53-4FFD-95CB-40FC055E519C}.Debug|x86.ActiveCfg = Debug|Any CPU
		{6BAAF5C2-BC53-4FFD-95CB-40FC055E519C}.Debug|x86.Build.0 = Debug|Any CPU
		{6BAAF5C2-BC53-4FFD-95CB-40FC055E519C}.Release|Any CPU.ActiveCfg = Release|Any CPU
		{6BAAF5C2-BC53-4FFD-95CB-40FC055E519C}.Release|Any CPU.Build.0 = Release|Any CPU
		{6BAAF5C2-BC53-4FFD-95CB-40FC055E519C}.Release|x64.ActiveCfg = Release|Any CPU
		{6BAAF5C2-BC53-4FFD-95CB-40FC055E519C}.Release|x64.Build.0 = Release|Any CPU
		{6BAAF5C2-BC53-4FFD-95CB-40FC055E519C}.Release|x86.ActiveCfg = Release|Any CPU
		{6BAAF5C2-BC53-4FFD-95CB-40FC055E519C}.Release|x86.Build.0 = Release|Any CPU
		{8B2DD7B9-0F49-4D3C-BC21-F92420DD33E9}.Debug|Any CPU.ActiveCfg = Debug|Any CPU
		{8B2DD7B9-0F49-4D3C-BC21-F92420DD33E9}.Debug|Any CPU.Build.0 = Debug|Any CPU
		{8B2DD7B9-0F49-4D3C-BC21-F92420DD33E9}.Debug|x64.ActiveCfg = Debug|Any CPU
		{8B2DD7B9-0F49-4D3C-BC21-F92420DD33E9}.Debug|x64.Build.0 = Debug|Any CPU
		{8B2DD7B9-0F49-4D3C-BC21-F92420DD33E9}.Debug|x86.ActiveCfg = Debug|Any CPU
		{8B2DD7B9-0F49-4D3C-BC21-F92420DD33E9}.Debug|x86.Build.0 = Debug|Any CPU
		{8B2DD7B9-0F49-4D3C-BC21-F92420DD33E9}.Release|Any CPU.ActiveCfg = Release|Any CPU
		{8B2DD7B9-0F49-4D3C-BC21-F92420DD33E9}.Release|Any CPU.Build.0 = Release|Any CPU
		{8B2DD7B9-0F49-4D3C-BC21-F92420DD33E9}.Release|x64.ActiveCfg = Release|Any CPU
		{8B2DD7B9-0F49-4D3C-BC21-F92420DD33E9}.Release|x64.Build.0 = Release|Any CPU
		{8B2DD7B9-0F49-4D3C-BC21-F92420DD33E9}.Release|x86.ActiveCfg = Release|Any CPU
		{8B2DD7B9-0F49-4D3C-BC21-F92420DD33E9}.Release|x86.Build.0 = Release|Any CPU
		{BBD033CC-2D5E-422C-86C2-AEBA584553F1}.Debug|Any CPU.ActiveCfg = Debug|Any CPU
		{BBD033CC-2D5E-422C-86C2-AEBA584553F1}.Debug|Any CPU.Build.0 = Debug|Any CPU
		{BBD033CC-2D5E-422C-86C2-AEBA584553F1}.Debug|x64.ActiveCfg = Debug|Any CPU
		{BBD033CC-2D5E-422C-86C2-AEBA584553F1}.Debug|x64.Build.0 = Debug|Any CPU
		{BBD033CC-2D5E-422C-86C2-AEBA584553F1}.Debug|x86.ActiveCfg = Debug|Any CPU
		{BBD033CC-2D5E-422C-86C2-AEBA584553F1}.Debug|x86.Build.0 = Debug|Any CPU
		{BBD033CC-2D5E-422C-86C2-AEBA584553F1}.Release|Any CPU.ActiveCfg = Release|Any CPU
		{BBD033CC-2D5E-422C-86C2-AEBA584553F1}.Release|Any CPU.Build.0 = Release|Any CPU
		{BBD033CC-2D5E-422C-86C2-AEBA584553F1}.Release|x64.ActiveCfg = Release|Any CPU
		{BBD033CC-2D5E-422C-86C2-AEBA584553F1}.Release|x64.Build.0 = Release|Any CPU
		{BBD033CC-2D5E-422C-86C2-AEBA584553F1}.Release|x86.ActiveCfg = Release|Any CPU
		{BBD033CC-2D5E-422C-86C2-AEBA584553F1}.Release|x86.Build.0 = Release|Any CPU
		{BAE34DB0-D5D8-491E-A99B-282D2EA9C79F}.Debug|Any CPU.ActiveCfg = Debug|Any CPU
		{BAE34DB0-D5D8-491E-A99B-282D2EA9C79F}.Debug|Any CPU.Build.0 = Debug|Any CPU
		{BAE34DB0-D5D8-491E-A99B-282D2EA9C79F}.Debug|x64.ActiveCfg = Debug|Any CPU
		{BAE34DB0-D5D8-491E-A99B-282D2EA9C79F}.Debug|x64.Build.0 = Debug|Any CPU
		{BAE34DB0-D5D8-491E-A99B-282D2EA9C79F}.Debug|x86.ActiveCfg = Debug|Any CPU
		{BAE34DB0-D5D8-491E-A99B-282D2EA9C79F}.Debug|x86.Build.0 = Debug|Any CPU
		{BAE34DB0-D5D8-491E-A99B-282D2EA9C79F}.Release|Any CPU.ActiveCfg = Release|Any CPU
		{BAE34DB0-D5D8-491E-A99B-282D2EA9C79F}.Release|Any CPU.Build.0 = Release|Any CPU
		{BAE34DB0-D5D8-491E-A99B-282D2EA9C79F}.Release|x64.ActiveCfg = Release|Any CPU
		{BAE34DB0-D5D8-491E-A99B-282D2EA9C79F}.Release|x64.Build.0 = Release|Any CPU
		{BAE34DB0-D5D8-491E-A99B-282D2EA9C79F}.Release|x86.ActiveCfg = Release|Any CPU
		{BAE34DB0-D5D8-491E-A99B-282D2EA9C79F}.Release|x86.Build.0 = Release|Any CPU
		{3FB78EDA-D100-481D-A262-58EE8EAC0D6E}.Debug|Any CPU.ActiveCfg = Debug|Any CPU
		{3FB78EDA-D100-481D-A262-58EE8EAC0D6E}.Debug|Any CPU.Build.0 = Debug|Any CPU
		{3FB78EDA-D100-481D-A262-58EE8EAC0D6E}.Debug|x64.ActiveCfg = Debug|Any CPU
		{3FB78EDA-D100-481D-A262-58EE8EAC0D6E}.Debug|x64.Build.0 = Debug|Any CPU
		{3FB78EDA-D100-481D-A262-58EE8EAC0D6E}.Debug|x86.ActiveCfg = Debug|Any CPU
		{3FB78EDA-D100-481D-A262-58EE8EAC0D6E}.Debug|x86.Build.0 = Debug|Any CPU
		{3FB78EDA-D100-481D-A262-58EE8EAC0D6E}.Release|Any CPU.ActiveCfg = Release|Any CPU
		{3FB78EDA-D100-481D-A262-58EE8EAC0D6E}.Release|Any CPU.Build.0 = Release|Any CPU
		{3FB78EDA-D100-481D-A262-58EE8EAC0D6E}.Release|x64.ActiveCfg = Release|Any CPU
		{3FB78EDA-D100-481D-A262-58EE8EAC0D6E}.Release|x64.Build.0 = Release|Any CPU
		{3FB78EDA-D100-481D-A262-58EE8EAC0D6E}.Release|x86.ActiveCfg = Release|Any CPU
		{3FB78EDA-D100-481D-A262-58EE8EAC0D6E}.Release|x86.Build.0 = Release|Any CPU
		{C1A9460E-6F49-490E-B923-649014AC1D85}.Debug|Any CPU.ActiveCfg = Debug|Any CPU
		{C1A9460E-6F49-490E-B923-649014AC1D85}.Debug|Any CPU.Build.0 = Debug|Any CPU
		{C1A9460E-6F49-490E-B923-649014AC1D85}.Debug|x64.ActiveCfg = Debug|Any CPU
		{C1A9460E-6F49-490E-B923-649014AC1D85}.Debug|x64.Build.0 = Debug|Any CPU
		{C1A9460E-6F49-490E-B923-649014AC1D85}.Debug|x86.ActiveCfg = Debug|Any CPU
		{C1A9460E-6F49-490E-B923-649014AC1D85}.Debug|x86.Build.0 = Debug|Any CPU
		{C1A9460E-6F49-490E-B923-649014AC1D85}.Release|Any CPU.ActiveCfg = Release|Any CPU
		{C1A9460E-6F49-490E-B923-649014AC1D85}.Release|Any CPU.Build.0 = Release|Any CPU
		{C1A9460E-6F49-490E-B923-649014AC1D85}.Release|x64.ActiveCfg = Release|Any CPU
		{C1A9460E-6F49-490E-B923-649014AC1D85}.Release|x64.Build.0 = Release|Any CPU
		{C1A9460E-6F49-490E-B923-649014AC1D85}.Release|x86.ActiveCfg = Release|Any CPU
		{C1A9460E-6F49-490E-B923-649014AC1D85}.Release|x86.Build.0 = Release|Any CPU
	EndGlobalSection
	GlobalSection(SolutionProperties) = preSolution
		HideSolutionNode = FALSE
	EndGlobalSection
	GlobalSection(NestedProjects) = preSolution
		{6BAAF5C2-BC53-4FFD-95CB-40FC055E519C} = {827E0CD3-B72D-47B6-A68D-7590B98EB39B}
		{8B2DD7B9-0F49-4D3C-BC21-F92420DD33E9} = {827E0CD3-B72D-47B6-A68D-7590B98EB39B}
		{BBD033CC-2D5E-422C-86C2-AEBA584553F1} = {827E0CD3-B72D-47B6-A68D-7590B98EB39B}
		{BAE34DB0-D5D8-491E-A99B-282D2EA9C79F} = {827E0CD3-B72D-47B6-A68D-7590B98EB39B}
		{3FB78EDA-D100-481D-A262-58EE8EAC0D6E} = {0AB3BF05-4346-4AA6-1389-037BE0695223}
		{C1A9460E-6F49-490E-B923-649014AC1D85} = {827E0CD3-B72D-47B6-A68D-7590B98EB39B}
	EndGlobalSection
EndGlobal
